
Microsoft Visual Studio Solution File, Format Version 12.00
# Visual Studio Version 16
VisualStudioVersion = 16.0.29411.108
MinimumVisualStudioVersion = 10.0.40219.1
Project("{9A19103F-16F7-4668-BE54-9A1E7A4F7556}") = "TrolleyApi", "TrolleyApi\TrolleyApi.csproj", "{01D6D374-F4E4-484C-B7C1-3A5AAE11A4C5}"
EndProject
Project("{FAE04EC0-301F-11D3-BF4B-00C04F79EFBC}") = "TrolleyApiTest", "TrolleyApiTest\TrolleyApiTest.csproj", "{F97A3376-BA7E-411A-ACCD-7AB4EA4C16F2}"
EndProject
Global
	GlobalSection(SolutionConfigurationPlatforms) = preSolution
		Debug|Any CPU = Debug|Any CPU
		Release|Any CPU = Release|Any CPU
	EndGlobalSection
	GlobalSection(ProjectConfigurationPlatforms) = postSolution
		{01D6D374-F4E4-484C-B7C1-3A5AAE11A4C5}.Debug|Any CPU.ActiveCfg = Debug|Any CPU
		{01D6D374-F4E4-484C-B7C1-3A5AAE11A4C5}.Debug|Any CPU.Build.0 = Debug|Any CPU
		{01D6D374-F4E4-484C-B7C1-3A5AAE11A4C5}.Release|Any CPU.ActiveCfg = Release|Any CPU
		{01D6D374-F4E4-484C-B7C1-3A5AAE11A4C5}.Release|Any CPU.Build.0 = Release|Any CPU
		{F97A3376-BA7E-411A-ACCD-7AB4EA4C16F2}.Debug|Any CPU.ActiveCfg = Debug|Any CPU
		{F97A3376-BA7E-411A-ACCD-7AB4EA4C16F2}.Debug|Any CPU.Build.0 = Debug|Any CPU
		{F97A3376-BA7E-411A-ACCD-7AB4EA4C16F2}.Release|Any CPU.ActiveCfg = Release|Any CPU
		{F97A3376-BA7E-411A-ACCD-7AB4EA4C16F2}.Release|Any CPU.Build.0 = Release|Any CPU
	EndGlobalSection
	GlobalSection(SolutionProperties) = preSolution
		HideSolutionNode = FALSE
	EndGlobalSection
	GlobalSection(ExtensibilityGlobals) = postSolution
		SolutionGuid = {D37EE7FE-1202-409F-AE0C-624C695DD36B}
	EndGlobalSection
EndGlobal
